
Microsoft Visual Studio Solution File, Format Version 12.00
# Visual Studio 15
Project("{FAE04EC0-301F-11D3-BF4B-00C04F79EFBC}") = "Unity.XR.Interaction.Toolkit.Samples.StarterAssets", "Unity.XR.Interaction.Toolkit.Samples.StarterAssets.csproj", "{24A02FA2-0FE6-1C7F-AD92-AB3E476837B0}"
EndProject
Project("{FAE04EC0-301F-11D3-BF4B-00C04F79EFBC}") = "Assembly-CSharp", "Assembly-CSharp.csproj", "{919A6E48-99FA-D965-0390-600F13FEB395}"
EndProject
Project("{FAE04EC0-301F-11D3-BF4B-00C04F79EFBC}") = "Unity.XR.Interaction.Toolkit.Samples.ARStarterAssets", "Unity.XR.Interaction.Toolkit.Samples.ARStarterAssets.csproj", "{FE501C35-C259-934E-B2C8-6561F0B06131}"
EndProject
Project("{FAE04EC0-301F-11D3-BF4B-00C04F79EFBC}") = "Unity.XR.Interaction.Toolkit.Samples.StarterAssets.Editor", "Unity.XR.Interaction.Toolkit.Samples.StarterAssets.Editor.csproj", "{4F52D971-B4F2-B3FD-1FAB-F4DC03C50A5B}"
EndProject
Project("{FAE04EC0-301F-11D3-BF4B-00C04F79EFBC}") = "Unity.XR.Interaction.Toolkit.Samples.ARStarterAssets.Editor", "Unity.XR.Interaction.Toolkit.Samples.ARStarterAssets.Editor.csproj", "{D650732A-F456-13D2-9453-33059842F141}"
EndProject
Global
	GlobalSection(SolutionConfigurationPlatforms) = preSolution
		Debug|Any CPU = Debug|Any CPU
		Release|Any CPU = Release|Any CPU
	EndGlobalSection
	GlobalSection(ProjectConfigurationPlatforms) = postSolution
		{24A02FA2-0FE6-1C7F-AD92-AB3E476837B0}.Debug|Any CPU.ActiveCfg = Debug|Any CPU
		{24A02FA2-0FE6-1C7F-AD92-AB3E476837B0}.Debug|Any CPU.Build.0 = Debug|Any CPU
		{24A02FA2-0FE6-1C7F-AD92-AB3E476837B0}.Release|Any CPU.ActiveCfg = Release|Any CPU
		{24A02FA2-0FE6-1C7F-AD92-AB3E476837B0}.Release|Any CPU.Build.0 = Release|Any CPU
		{919A6E48-99FA-D965-0390-600F13FEB395}.Debug|Any CPU.ActiveCfg = Debug|Any CPU
		{919A6E48-99FA-D965-0390-600F13FEB395}.Debug|Any CPU.Build.0 = Debug|Any CPU
		{919A6E48-99FA-D965-0390-600F13FEB395}.Release|Any CPU.ActiveCfg = Release|Any CPU
		{919A6E48-99FA-D965-0390-600F13FEB395}.Release|Any CPU.Build.0 = Release|Any CPU
		{FE501C35-C259-934E-B2C8-6561F0B06131}.Debug|Any CPU.ActiveCfg = Debug|Any CPU
		{FE501C35-C259-934E-B2C8-6561F0B06131}.Debug|Any CPU.Build.0 = Debug|Any CPU
		{FE501C35-C259-934E-B2C8-6561F0B06131}.Release|Any CPU.ActiveCfg = Release|Any CPU
		{FE501C35-C259-934E-B2C8-6561F0B06131}.Release|Any CPU.Build.0 = Release|Any CPU
		{4F52D971-B4F2-B3FD-1FAB-F4DC03C50A5B}.Debug|Any CPU.ActiveCfg = Debug|Any CPU
		{4F52D971-B4F2-B3FD-1FAB-F4DC03C50A5B}.Debug|Any CPU.Build.0 = Debug|Any CPU
		{4F52D971-B4F2-B3FD-1FAB-F4DC03C50A5B}.Release|Any CPU.ActiveCfg = Release|Any CPU
		{4F52D971-B4F2-B3FD-1FAB-F4DC03C50A5B}.Release|Any CPU.Build.0 = Release|Any CPU
		{D650732A-F456-13D2-9453-33059842F141}.Debug|Any CPU.ActiveCfg = Debug|Any CPU
		{D650732A-F456-13D2-9453-33059842F141}.Debug|Any CPU.Build.0 = Debug|Any CPU
		{D650732A-F456-13D2-9453-33059842F141}.Release|Any CPU.ActiveCfg = Release|Any CPU
		{D650732A-F456-13D2-9453-33059842F141}.Release|Any CPU.Build.0 = Release|Any CPU
	EndGlobalSection
	GlobalSection(SolutionProperties) = preSolution
		HideSolutionNode = FALSE
	EndGlobalSection
EndGlobal
